
Microsoft Visual Studio Solution File, Format Version 12.00
# Visual Studio Version 17
VisualStudioVersion = 17.14.37411.7
MinimumVisualStudioVersion = 10.0.40219.1
Project("{FAE04EC0-301F-11D3-BF4B-00C04F79EFBC}") = "AttendanceManaagmentAPI", "..\AttendanceManaagmentAPI\AttendanceManaagmentAPI\AttendanceManaagmentAPI.csproj", "{524CCB77-7CF7-8C91-E0DA-697B1108FA06}"
EndProject
Project("{FAE04EC0-301F-11D3-BF4B-00C04F79EFBC}") = "AttendanceApp", "AttendanceApp\AttendanceApp.csproj", "{B1A00B0A-F7E6-7289-4512-0E8BC4AB7C77}"
EndProject
Project("{FAE04EC0-301F-11D3-BF4B-00C04F79EFBC}") = "AdminApp", "..\AdminApp\AdminApp.csproj", "{D56FED9A-16B1-40A2-A5EF-9FD18F46FFC0}"
EndProject
Global
	GlobalSection(SolutionConfigurationPlatforms) = preSolution
		Debug|Any CPU = Debug|Any CPU
		Release|Any CPU = Release|Any CPU
	EndGlobalSection
	GlobalSection(ProjectConfigurationPlatforms) = postSolution
		{524CCB77-7CF7-8C91-E0DA-697B1108FA06}.Debug|Any CPU.ActiveCfg = Debug|Any CPU
		{524CCB77-7CF7-8C91-E0DA-697B1108FA06}.Debug|Any CPU.Build.0 = Debug|Any CPU
		{524CCB77-7CF7-8C91-E0DA-697B1108FA06}.Release|Any CPU.ActiveCfg = Release|Any CPU
		{524CCB77-7CF7-8C91-E0DA-697B1108FA06}.Release|Any CPU.Build.0 = Release|Any CPU
		{B1A00B0A-F7E6-7289-4512-0E8BC4AB7C77}.Debug|Any CPU.ActiveCfg = Debug|Any CPU
		{B1A00B0A-F7E6-7289-4512-0E8BC4AB7C77}.Debug|Any CPU.Build.0 = Debug|Any CPU
		{B1A00B0A-F7E6-7289-4512-0E8BC4AB7C77}.Release|Any CPU.ActiveCfg = Release|Any CPU
		{B1A00B0A-F7E6-7289-4512-0E8BC4AB7C77}.Release|Any CPU.Build.0 = Release|Any CPU
		{D56FED9A-16B1-40A2-A5EF-9FD18F46FFC0}.Debug|Any CPU.ActiveCfg = Debug|Any CPU
		{D56FED9A-16B1-40A2-A5EF-9FD18F46FFC0}.Debug|Any CPU.Build.0 = Debug|Any CPU
		{D56FED9A-16B1-40A2-A5EF-9FD18F46FFC0}.Release|Any CPU.ActiveCfg = Release|Any CPU
		{D56FED9A-16B1-40A2-A5EF-9FD18F46FFC0}.Release|Any CPU.Build.0 = Release|Any CPU
	EndGlobalSection
	GlobalSection(SolutionProperties) = preSolution
		HideSolutionNode = FALSE
	EndGlobalSection
	GlobalSection(ExtensibilityGlobals) = postSolution
		SolutionGuid = {87FD7F87-4ACA-45B5-BCB0-7443258658B9}
	EndGlobalSection
EndGlobal
